Microsoft Visual Studio Solution File, Format Version 12.00
# Visual Studio Version 17
VisualStudioVersion = 17.5.2.0
MinimumVisualStudioVersion = 10.0.40219.1
Project("{FAE04EC0-301F-11D3-BF4B-00C04F79EFBC}") = "getPrune", "getPrune\getPrune.csproj", "{40CC8873-F322-A3E0-28D4-48F34C5C8586}"
EndProject
Project("{FAE04EC0-301F-11D3-BF4B-00C04F79EFBC}") = "getRef", "getRef\getRef.csproj", "{F73FCB93-457B-8B46-F2A6-BE651D0C0307}"
EndProject
Global
	GlobalSection(SolutionConfigurationPlatforms) = preSolution
		Debug|Any CPU = Debug|Any CPU
		Release|Any CPU = Release|Any CPU
	EndGlobalSection
	GlobalSection(ProjectConfigurationPlatforms) = postSolution
		{40CC8873-F322-A3E0-28D4-48F34C5C8586}.Debug|Any CPU.ActiveCfg = Debug|Any CPU
		{40CC8873-F322-A3E0-28D4-48F34C5C8586}.Debug|Any CPU.Build.0 = Debug|Any CPU
		{40CC8873-F322-A3E0-28D4-48F34C5C8586}.Release|Any CPU.ActiveCfg = Release|Any CPU
		{40CC8873-F322-A3E0-28D4-48F34C5C8586}.Release|Any CPU.Build.0 = Release|Any CPU
		{F73FCB93-457B-8B46-F2A6-BE651D0C0307}.Debug|Any CPU.ActiveCfg = Debug|Any CPU
		{F73FCB93-457B-8B46-F2A6-BE651D0C0307}.Debug|Any CPU.Build.0 = Debug|Any CPU
		{F73FCB93-457B-8B46-F2A6-BE651D0C0307}.Release|Any CPU.ActiveCfg = Release|Any CPU
		{F73FCB93-457B-8B46-F2A6-BE651D0C0307}.Release|Any CPU.Build.0 = Release|Any CPU
	EndGlobalSection
	GlobalSection(SolutionProperties) = preSolution
		HideSolutionNode = FALSE
	EndGlobalSection
	GlobalSection(ExtensibilityGlobals) = postSolution
		SolutionGuid = {9F3B3DE8-14EE-45D3-BBD2-D982A53C67F9}
	EndGlobalSection
EndGlobal
